
Microsoft Visual Studio Solution File, Format Version 12.00
# Visual Studio 2013
VisualStudioVersion = 12.0.31101.0
MinimumVisualStudioVersion = 10.0.40219.1
Project("{FAE04EC0-301F-11D3-BF4B-00C04F79EFBC}") = "HelloWorld", "HelloWorld\HelloWorld.csproj", "{CE160262-E3DA-44C7-BC1F-629F337F7813}"
EndProject
Project("{FAE04EC0-301F-11D3-BF4B-00C04F79EFBC}") = "FizzBuzz", "FizzBuzz\FizzBuzz.csproj", "{32076B4E-4A60-4007-A90D-CBBCBCA12B00}"
EndProject
Project("{FAE04EC0-301F-11D3-BF4B-00C04F79EFBC}") = "BookShop", "BookShop\BookShop.csproj", "{BAAC8703-5EF7-4E6A-84E2-34AAB9EBFD4B}"
EndProject
Project("{FAE04EC0-301F-11D3-BF4B-00C04F79EFBC}") = "Abstraction", "Abstraction\Abstraction.csproj", "{545E0F88-B29E-4FB1-AC6E-0752455D1A22}"
EndProject
Project("{FAE04EC0-301F-11D3-BF4B-00C04F79EFBC}") = "Polymorph", "Polymorph\Polymorph.csproj", "{F144C02E-786A-4059-BDF4-821AA5DD014D}"
EndProject
Project("{FAE04EC0-301F-11D3-BF4B-00C04F79EFBC}") = "FourPillarsEncapsulation", "FourPillarsEncapsulation\FourPillarsEncapsulation.csproj", "{DE211968-9538-426B-81DB-DD045BECDC17}"
EndProject
Project("{FAE04EC0-301F-11D3-BF4B-00C04F79EFBC}") = "FourPillarsInheritance", "FourPillarsInheritance\FourPillarsInheritance.csproj", "{65F0589F-2CD0-4712-ADE2-473E02EF7839}"
EndProject
Project("{FAE04EC0-301F-11D3-BF4B-00C04F79EFBC}") = "FourPillarsPolymorphism", "FourPillarsPolymorphism\FourPillarsPolymorphism.csproj", "{3192F679-ED50-4770-BC13-D787D6314CB8}"
EndProject
Project("{FAE04EC0-301F-11D3-BF4B-00C04F79EFBC}") = "FourPillarsAbstraction", "FourPillarsAbstraction\FourPillarsAbstraction.csproj", "{250A748E-A50E-4BE7-AFAE-7131760E35D8}"
EndProject
Project("{FAE04EC0-301F-11D3-BF4B-00C04F79EFBC}") = "BookStore", "BookStore\BookStore.csproj", "{EDC81063-29B6-45C8-AA84-E0C31A9C459E}"
EndProject
Project("{FAE04EC0-301F-11D3-BF4B-00C04F79EFBC}") = "BookStoreTest", "BookStoreTest\BookStoreTest.csproj", "{60356FC1-89A1-43E4-935C-74FCD3A84FBB}"
EndProject
Global
	GlobalSection(SolutionConfigurationPlatforms) = preSolution
		Debug|Any CPU = Debug|Any CPU
		Release|Any CPU = Release|Any CPU
	EndGlobalSection
	GlobalSection(ProjectConfigurationPlatforms) = postSolution
		{CE160262-E3DA-44C7-BC1F-629F337F7813}.Debug|Any CPU.ActiveCfg = Debug|Any CPU
		{CE160262-E3DA-44C7-BC1F-629F337F7813}.Debug|Any CPU.Build.0 = Debug|Any CPU
		{CE160262-E3DA-44C7-BC1F-629F337F7813}.Release|Any CPU.ActiveCfg = Release|Any CPU
		{CE160262-E3DA-44C7-BC1F-629F337F7813}.Release|Any CPU.Build.0 = Release|Any CPU
		{32076B4E-4A60-4007-A90D-CBBCBCA12B00}.Debug|Any CPU.ActiveCfg = Debug|Any CPU
		{32076B4E-4A60-4007-A90D-CBBCBCA12B00}.Debug|Any CPU.Build.0 = Debug|Any CPU
		{32076B4E-4A60-4007-A90D-CBBCBCA12B00}.Release|Any CPU.ActiveCfg = Release|Any CPU
		{32076B4E-4A60-4007-A90D-CBBCBCA12B00}.Release|Any CPU.Build.0 = Release|Any CPU
		{BAAC8703-5EF7-4E6A-84E2-34AAB9EBFD4B}.Debug|Any CPU.ActiveCfg = Debug|Any CPU
		{BAAC8703-5EF7-4E6A-84E2-34AAB9EBFD4B}.Debug|Any CPU.Build.0 = Debug|Any CPU
		{BAAC8703-5EF7-4E6A-84E2-34AAB9EBFD4B}.Release|Any CPU.ActiveCfg = Release|Any CPU
		{BAAC8703-5EF7-4E6A-84E2-34AAB9EBFD4B}.Release|Any CPU.Build.0 = Release|Any CPU
		{545E0F88-B29E-4FB1-AC6E-0752455D1A22}.Debug|Any CPU.ActiveCfg = Debug|Any CPU
		{545E0F88-B29E-4FB1-AC6E-0752455D1A22}.Debug|Any CPU.Build.0 = Debug|Any CPU
		{545E0F88-B29E-4FB1-AC6E-0752455D1A22}.Release|Any CPU.ActiveCfg = Release|Any CPU
		{545E0F88-B29E-4FB1-AC6E-0752455D1A22}.Release|Any CPU.Build.0 = Release|Any CPU
		{F144C02E-786A-4059-BDF4-821AA5DD014D}.Debug|Any CPU.ActiveCfg = Debug|Any CPU
		{F144C02E-786A-4059-BDF4-821AA5DD014D}.Debug|Any CPU.Build.0 = Debug|Any CPU
		{F144C02E-786A-4059-BDF4-821AA5DD014D}.Release|Any CPU.ActiveCfg = Release|Any CPU
		{F144C02E-786A-4059-BDF4-821AA5DD014D}.Release|Any CPU.Build.0 = Release|Any CPU
		{DE211968-9538-426B-81DB-DD045BECDC17}.Debug|Any CPU.ActiveCfg = Debug|Any CPU
		{DE211968-9538-426B-81DB-DD045BECDC17}.Debug|Any CPU.Build.0 = Debug|Any CPU
		{DE211968-9538-426B-81DB-DD045BECDC17}.Release|Any CPU.ActiveCfg = Release|Any CPU
		{DE211968-9538-426B-81DB-DD045BECDC17}.Release|Any CPU.Build.0 = Release|Any CPU
		{65F0589F-2CD0-4712-ADE2-473E02EF7839}.Debug|Any CPU.ActiveCfg = Debug|Any CPU
		{65F0589F-2CD0-4712-ADE2-473E02EF7839}.Debug|Any CPU.Build.0 = Debug|Any CPU
		{65F0589F-2CD0-4712-ADE2-473E02EF7839}.Release|Any CPU.ActiveCfg = Release|Any CPU
		{65F0589F-2CD0-4712-ADE2-473E02EF7839}.Release|Any CPU.Build.0 = Release|Any CPU
		{3192F679-ED50-4770-BC13-D787D6314CB8}.Debug|Any CPU.ActiveCfg = Debug|Any CPU
		{3192F679-ED50-4770-BC13-D787D6314CB8}.Debug|Any CPU.Build.0 = Debug|Any CPU
		{3192F679-ED50-4770-BC13-D787D6314CB8}.Release|Any CPU.ActiveCfg = Release|Any CPU
		{3192F679-ED50-4770-BC13-D787D6314CB8}.Release|Any CPU.Build.0 = Release|Any CPU
		{250A748E-A50E-4BE7-AFAE-7131760E35D8}.Debug|Any CPU.ActiveCfg = Debug|Any CPU
		{250A748E-A50E-4BE7-AFAE-7131760E35D8}.Debug|Any CPU.Build.0 = Debug|Any CPU
		{250A748E-A50E-4BE7-AFAE-7131760E35D8}.Release|Any CPU.ActiveCfg = Release|Any CPU
		{250A748E-A50E-4BE7-AFAE-7131760E35D8}.Release|Any CPU.Build.0 = Release|Any CPU
		{EDC81063-29B6-45C8-AA84-E0C31A9C459E}.Debug|Any CPU.ActiveCfg = Debug|Any CPU
		{EDC81063-29B6-45C8-AA84-E0C31A9C459E}.Debug|Any CPU.Build.0 = Debug|Any CPU
		{EDC81063-29B6-45C8-AA84-E0C31A9C459E}.Release|Any CPU.ActiveCfg = Release|Any CPU
		{EDC81063-29B6-45C8-AA84-E0C31A9C459E}.Release|Any CPU.Build.0 = Release|Any CPU
		{60356FC1-89A1-43E4-935C-74FCD3A84FBB}.Debug|Any CPU.ActiveCfg = Debug|Any CPU
		{60356FC1-89A1-43E4-935C-74FCD3A84FBB}.Debug|Any CPU.Build.0 = Debug|Any CPU
		{60356FC1-89A1-43E4-935C-74FCD3A84FBB}.Release|Any CPU.ActiveCfg = Release|Any CPU
		{60356FC1-89A1-43E4-935C-74FCD3A84FBB}.Release|Any CPU.Build.0 = Release|Any CPU
	EndGlobalSection
	GlobalSection(SolutionProperties) = preSolution
		HideSolutionNode = FALSE
	EndGlobalSection
EndGlobal
