
Microsoft Visual Studio Solution File, Format Version 12.00
# Visual Studio 2013
VisualStudioVersion = 12.0.31101.0
MinimumVisualStudioVersion = 10.0.40219.1
Project("{FAE04EC0-301F-11D3-BF4B-00C04F79EFBC}") = "HelloWorld", "HelloWorld\HelloWorld.csproj", "{CE160262-E3DA-44C7-BC1F-629F337F7813}"
EndProject
Project("{FAE04EC0-301F-11D3-BF4B-00C04F79EFBC}") = "FizzBuzz", "FizzBuzz\FizzBuzz.csproj", "{32076B4E-4A60-4007-A90D-CBBCBCA12B00}"
EndProject
Project("{FAE04EC0-301F-11D3-BF4B-00C04F79EFBC}") = "BookShop", "BookShop\BookShop.csproj", "{BAAC8703-5EF7-4E6A-84E2-34AAB9EBFD4B}"
EndProject
Project("{FAE04EC0-301F-11D3-BF4B-00C04F79EFBC}") = "Abstraction", "Abstraction\Abstraction.csproj", "{545E0F88-B29E-4FB1-AC6E-0752455D1A22}"
EndProject
Project("{FAE04EC0-301F-11D3-BF4B-00C04F79EFBC}") = "Polymorph", "Polymorph\Polymorph.csproj", "{F144C02E-786A-4059-BDF4-821AA5DD014D}"
EndProject
Project("{FAE04EC0-301F-11D3-BF4B-00C04F79EFBC}") = "FourPillarsEncapsulation", "FourPillarsEncapsulation\FourPillarsEncapsulation.csproj", "{DE211968-9538-426B-81DB-DD045BECDC17}"
EndProject
Project("{FAE04EC0-301F-11D3-BF4B-00C04F79EFBC}") = "FourPillarsInheritance", "FourPillarsInheritance\FourPillarsInheritance.csproj", "{65F0589F-2CD0-4712-ADE2-473E02EF7839}"
EndProject
Project("{FAE04EC0-301F-11D3-BF4B-00C04F79EFBC}") = "FourPillarsPolymorphism", "FourPillarsPolymorphism\FourPillarsPolymorphism.csproj", "{3192F679-ED50-4770-BC13-D787D6314CB8}"
EndProject
Project("{FAE04EC0-301F-11D3-BF4B-00C04F79EFBC}") = "FourPillarsAbstraction", "FourPillarsAbstraction\FourPillarsAbstraction.csproj", "{250A748E-A50E-4BE7-AFAE-7131760E35D8}"
EndProject
Project("{FAE04EC0-301F-11D3-BF4B-00C04F79EFBC}") = "BookStore", "BookStore\BookStore.csproj", "{EDC81063-29B6-45C8-AA84-E0C31A9C459E}"
EndProject
Project("{FAE04EC0-301F-11D3-BF4B-00C04F79EFBC}") = "BookStoreTest", "BookStoreTest\BookStoreTest.csproj", "{60356FC1-89A1-43E4-935C-74FCD3A84FBB}"
EndProject
Project("{FAE04EC0-301F-11D3-BF4B-00C04F79EFBC}") = "BookStoreConsoleApp", "BookStoreConsoleApp\BookStoreConsoleApp.csproj", "{3FFEFD5E-FFCF-4B33-A5FC-31CB69FB18A7}"
EndProject
Project("{FAE04EC0-301F-11D3-BF4B-00C04F79EFBC}") = "DelegatesAnonymousMethodsAndLambdas", "DelegatesAnonymousMethodsAndLambdas\DelegatesAnonymousMethodsAndLambdas.csproj", "{C8E893B3-70C8-4E58-BC6C-A729A359BDE3}"
EndProject
Project("{FAE04EC0-301F-11D3-BF4B-00C04F79EFBC}") = "ScratchProject", "ScratchProject\ScratchProject.csproj", "{C5AA13F4-C2D3-4F5F-B744-03C7338B2AE7}"
EndProject
Project("{FAE04EC0-301F-11D3-BF4B-00C04F79EFBC}") = "TimeZones", "TimeZones\TimeZones.csproj", "{EC7AEA57-C9FF-45FE-BF35-5C623F81A1C5}"
EndProject
Project("{FAE04EC0-301F-11D3-BF4B-00C04F79EFBC}") = "TimesZonesTest", "TimesZonesTest\TimesZonesTest.csproj", "{047C182C-6FCC-405E-A71F-D2A9AE0D0E5B}"
EndProject
Project("{FAE04EC0-301F-11D3-BF4B-00C04F79EFBC}") = "ADOConnected", "ADOConnected\ADOConnected.csproj", "{65508621-0E15-4B28-BFC8-600B7029646E}"
EndProject
Project("{FAE04EC0-301F-11D3-BF4B-00C04F79EFBC}") = "EntityFrameworkDemo", "EntityFrameworkDemo\EntityFrameworkDemo.csproj", "{EAC35C38-404C-46F3-8193-BC73A2EF6684}"
EndProject
Global
	GlobalSection(SolutionConfigurationPlatforms) = preSolution
		Debug|Any CPU = Debug|Any CPU
		Release|Any CPU = Release|Any CPU
	EndGlobalSection
	GlobalSection(ProjectConfigurationPlatforms) = postSolution
		{CE160262-E3DA-44C7-BC1F-629F337F7813}.Debug|Any CPU.ActiveCfg = Debug|Any CPU
		{CE160262-E3DA-44C7-BC1F-629F337F7813}.Debug|Any CPU.Build.0 = Debug|Any CPU
		{CE160262-E3DA-44C7-BC1F-629F337F7813}.Release|Any CPU.ActiveCfg = Release|Any CPU
		{CE160262-E3DA-44C7-BC1F-629F337F7813}.Release|Any CPU.Build.0 = Release|Any CPU
		{32076B4E-4A60-4007-A90D-CBBCBCA12B00}.Debug|Any CPU.ActiveCfg = Debug|Any CPU
		{32076B4E-4A60-4007-A90D-CBBCBCA12B00}.Debug|Any CPU.Build.0 = Debug|Any CPU
		{32076B4E-4A60-4007-A90D-CBBCBCA12B00}.Release|Any CPU.ActiveCfg = Release|Any CPU
		{32076B4E-4A60-4007-A90D-CBBCBCA12B00}.Release|Any CPU.Build.0 = Release|Any CPU
		{BAAC8703-5EF7-4E6A-84E2-34AAB9EBFD4B}.Debug|Any CPU.ActiveCfg = Debug|Any CPU
		{BAAC8703-5EF7-4E6A-84E2-34AAB9EBFD4B}.Debug|Any CPU.Build.0 = Debug|Any CPU
		{BAAC8703-5EF7-4E6A-84E2-34AAB9EBFD4B}.Release|Any CPU.ActiveCfg = Release|Any CPU
		{BAAC8703-5EF7-4E6A-84E2-34AAB9EBFD4B}.Release|Any CPU.Build.0 = Release|Any CPU
		{545E0F88-B29E-4FB1-AC6E-0752455D1A22}.Debug|Any CPU.ActiveCfg = Debug|Any CPU
		{545E0F88-B29E-4FB1-AC6E-0752455D1A22}.Debug|Any CPU.Build.0 = Debug|Any CPU
		{545E0F88-B29E-4FB1-AC6E-0752455D1A22}.Release|Any CPU.ActiveCfg = Release|Any CPU
		{545E0F88-B29E-4FB1-AC6E-0752455D1A22}.Release|Any CPU.Build.0 = Release|Any CPU
		{F144C02E-786A-4059-BDF4-821AA5DD014D}.Debug|Any CPU.ActiveCfg = Debug|Any CPU
		{F144C02E-786A-4059-BDF4-821AA5DD014D}.Debug|Any CPU.Build.0 = Debug|Any CPU
		{F144C02E-786A-4059-BDF4-821AA5DD014D}.Release|Any CPU.ActiveCfg = Release|Any CPU
		{F144C02E-786A-4059-BDF4-821AA5DD014D}.Release|Any CPU.Build.0 = Release|Any CPU
		{DE211968-9538-426B-81DB-DD045BECDC17}.Debug|Any CPU.ActiveCfg = Debug|Any CPU
		{DE211968-9538-426B-81DB-DD045BECDC17}.Debug|Any CPU.Build.0 = Debug|Any CPU
		{DE211968-9538-426B-81DB-DD045BECDC17}.Release|Any CPU.ActiveCfg = Release|Any CPU
		{DE211968-9538-426B-81DB-DD045BECDC17}.Release|Any CPU.Build.0 = Release|Any CPU
		{65F0589F-2CD0-4712-ADE2-473E02EF7839}.Debug|Any CPU.ActiveCfg = Debug|Any CPU
		{65F0589F-2CD0-4712-ADE2-473E02EF7839}.Debug|Any CPU.Build.0 = Debug|Any CPU
		{65F0589F-2CD0-4712-ADE2-473E02EF7839}.Release|Any CPU.ActiveCfg = Release|Any CPU
		{65F0589F-2CD0-4712-ADE2-473E02EF7839}.Release|Any CPU.Build.0 = Release|Any CPU
		{3192F679-ED50-4770-BC13-D787D6314CB8}.Debug|Any CPU.ActiveCfg = Debug|Any CPU
		{3192F679-ED50-4770-BC13-D787D6314CB8}.Debug|Any CPU.Build.0 = Debug|Any CPU
		{3192F679-ED50-4770-BC13-D787D6314CB8}.Release|Any CPU.ActiveCfg = Release|Any CPU
		{3192F679-ED50-4770-BC13-D787D6314CB8}.Release|Any CPU.Build.0 = Release|Any CPU
		{250A748E-A50E-4BE7-AFAE-7131760E35D8}.Debug|Any CPU.ActiveCfg = Debug|Any CPU
		{250A748E-A50E-4BE7-AFAE-7131760E35D8}.Debug|Any CPU.Build.0 = Debug|Any CPU
		{250A748E-A50E-4BE7-AFAE-7131760E35D8}.Release|Any CPU.ActiveCfg = Release|Any CPU
		{250A748E-A50E-4BE7-AFAE-7131760E35D8}.Release|Any CPU.Build.0 = Release|Any CPU
		{EDC81063-29B6-45C8-AA84-E0C31A9C459E}.Debug|Any CPU.ActiveCfg = Debug|Any CPU
		{EDC81063-29B6-45C8-AA84-E0C31A9C459E}.Debug|Any CPU.Build.0 = Debug|Any CPU
		{EDC81063-29B6-45C8-AA84-E0C31A9C459E}.Release|Any CPU.ActiveCfg = Release|Any CPU
		{EDC81063-29B6-45C8-AA84-E0C31A9C459E}.Release|Any CPU.Build.0 = Release|Any CPU
		{60356FC1-89A1-43E4-935C-74FCD3A84FBB}.Debug|Any CPU.ActiveCfg = Debug|Any CPU
		{60356FC1-89A1-43E4-935C-74FCD3A84FBB}.Debug|Any CPU.Build.0 = Debug|Any CPU
		{60356FC1-89A1-43E4-935C-74FCD3A84FBB}.Release|Any CPU.ActiveCfg = Release|Any CPU
		{60356FC1-89A1-43E4-935C-74FCD3A84FBB}.Release|Any CPU.Build.0 = Release|Any CPU
		{3FFEFD5E-FFCF-4B33-A5FC-31CB69FB18A7}.Debug|Any CPU.ActiveCfg = Debug|Any CPU
		{3FFEFD5E-FFCF-4B33-A5FC-31CB69FB18A7}.Debug|Any CPU.Build.0 = Debug|Any CPU
		{3FFEFD5E-FFCF-4B33-A5FC-31CB69FB18A7}.Release|Any CPU.ActiveCfg = Release|Any CPU
		{3FFEFD5E-FFCF-4B33-A5FC-31CB69FB18A7}.Release|Any CPU.Build.0 = Release|Any CPU
		{C8E893B3-70C8-4E58-BC6C-A729A359BDE3}.Debug|Any CPU.ActiveCfg = Debug|Any CPU
		{C8E893B3-70C8-4E58-BC6C-A729A359BDE3}.Debug|Any CPU.Build.0 = Debug|Any CPU
		{C8E893B3-70C8-4E58-BC6C-A729A359BDE3}.Release|Any CPU.ActiveCfg = Release|Any CPU
		{C8E893B3-70C8-4E58-BC6C-A729A359BDE3}.Release|Any CPU.Build.0 = Release|Any CPU
		{C5AA13F4-C2D3-4F5F-B744-03C7338B2AE7}.Debug|Any CPU.ActiveCfg = Debug|Any CPU
		{C5AA13F4-C2D3-4F5F-B744-03C7338B2AE7}.Debug|Any CPU.Build.0 = Debug|Any CPU
		{C5AA13F4-C2D3-4F5F-B744-03C7338B2AE7}.Release|Any CPU.ActiveCfg = Release|Any CPU
		{C5AA13F4-C2D3-4F5F-B744-03C7338B2AE7}.Release|Any CPU.Build.0 = Release|Any CPU
		{EC7AEA57-C9FF-45FE-BF35-5C623F81A1C5}.Debug|Any CPU.ActiveCfg = Debug|Any CPU
		{EC7AEA57-C9FF-45FE-BF35-5C623F81A1C5}.Debug|Any CPU.Build.0 = Debug|Any CPU
		{EC7AEA57-C9FF-45FE-BF35-5C623F81A1C5}.Release|Any CPU.ActiveCfg = Release|Any CPU
		{EC7AEA57-C9FF-45FE-BF35-5C623F81A1C5}.Release|Any CPU.Build.0 = Release|Any CPU
		{047C182C-6FCC-405E-A71F-D2A9AE0D0E5B}.Debug|Any CPU.ActiveCfg = Debug|Any CPU
		{047C182C-6FCC-405E-A71F-D2A9AE0D0E5B}.Debug|Any CPU.Build.0 = Debug|Any CPU
		{047C182C-6FCC-405E-A71F-D2A9AE0D0E5B}.Release|Any CPU.ActiveCfg = Release|Any CPU
		{047C182C-6FCC-405E-A71F-D2A9AE0D0E5B}.Release|Any CPU.Build.0 = Release|Any CPU
		{65508621-0E15-4B28-BFC8-600B7029646E}.Debug|Any CPU.ActiveCfg = Debug|Any CPU
		{65508621-0E15-4B28-BFC8-600B7029646E}.Debug|Any CPU.Build.0 = Debug|Any CPU
		{65508621-0E15-4B28-BFC8-600B7029646E}.Release|Any CPU.ActiveCfg = Release|Any CPU
		{65508621-0E15-4B28-BFC8-600B7029646E}.Release|Any CPU.Build.0 = Release|Any CPU
		{EAC35C38-404C-46F3-8193-BC73A2EF6684}.Debug|Any CPU.ActiveCfg = Debug|Any CPU
		{EAC35C38-404C-46F3-8193-BC73A2EF6684}.Debug|Any CPU.Build.0 = Debug|Any CPU
		{EAC35C38-404C-46F3-8193-BC73A2EF6684}.Release|Any CPU.ActiveCfg = Release|Any CPU
		{EAC35C38-404C-46F3-8193-BC73A2EF6684}.Release|Any CPU.Build.0 = Release|Any CPU
	EndGlobalSection
	GlobalSection(SolutionProperties) = preSolution
		HideSolutionNode = FALSE
	EndGlobalSection
EndGlobal
